
Microsoft Visual Studio Solution File, Format Version 11.00
# Visual Studio 2010
Project("{FAE04EC0-301F-11D3-BF4B-00C04F79EFBC}") = "Assembly-CSharp", "Assembly-CSharp.csproj", "{659B0000-81BA-9ECD-58C3-4DDC398AFBA1}"
EndProject
Project("{FAE04EC0-301F-11D3-BF4B-00C04F79EFBC}") = "Assembly-CSharp-firstpass", "Assembly-CSharp-firstpass.csproj", "{E4838F17-596D-17EB-FA45-344967BD7F9B}"
EndProject
Project("{FAE04EC0-301F-11D3-BF4B-00C04F79EFBC}") = "Assembly-CSharp-Editor-firstpass", "Assembly-CSharp-Editor-firstpass.csproj", "{53D180C5-9591-EF84-B45B-E6302AB31CC1}"
EndProject
Global
	GlobalSection(SolutionConfigurationPlatforms) = preSolution
		Debug|Any CPU = Debug|Any CPU
		Release|Any CPU = Release|Any CPU
	EndGlobalSection
	GlobalSection(ProjectConfigurationPlatforms) = postSolution
		{659B0000-81BA-9ECD-58C3-4DDC398AFBA1}.Debug|Any CPU.ActiveCfg = Debug|Any CPU
		{659B0000-81BA-9ECD-58C3-4DDC398AFBA1}.Debug|Any CPU.Build.0 = Debug|Any CPU
		{659B0000-81BA-9ECD-58C3-4DDC398AFBA1}.Release|Any CPU.ActiveCfg = Release|Any CPU
		{659B0000-81BA-9ECD-58C3-4DDC398AFBA1}.Release|Any CPU.Build.0 = Release|Any CPU
		{E4838F17-596D-17EB-FA45-344967BD7F9B}.Debug|Any CPU.ActiveCfg = Debug|Any CPU
		{E4838F17-596D-17EB-FA45-344967BD7F9B}.Debug|Any CPU.Build.0 = Debug|Any CPU
		{E4838F17-596D-17EB-FA45-344967BD7F9B}.Release|Any CPU.ActiveCfg = Release|Any CPU
		{E4838F17-596D-17EB-FA45-344967BD7F9B}.Release|Any CPU.Build.0 = Release|Any CPU
		{53D180C5-9591-EF84-B45B-E6302AB31CC1}.Debug|Any CPU.ActiveCfg = Debug|Any CPU
		{53D180C5-9591-EF84-B45B-E6302AB31CC1}.Debug|Any CPU.Build.0 = Debug|Any CPU
		{53D180C5-9591-EF84-B45B-E6302AB31CC1}.Release|Any CPU.ActiveCfg = Release|Any CPU
		{53D180C5-9591-EF84-B45B-E6302AB31CC1}.Release|Any CPU.Build.0 = Release|Any CPU
	EndGlobalSection
	GlobalSection(SolutionProperties) = preSolution
		HideSolutionNode = FALSE
	EndGlobalSection
EndGlobal
